# This file is autogenerated, do not edit; changes may be undone by the next 'dep ensure'.


[[projects]]
  digest = "1:a2c1d0e43bd3baaa071d1b9ed72c27d78169b2b269f71c105ac4ba34b1be4a39"
  name = "github.com/davecgh/go-spew"
  packages = ["spew"]
  pruneopts = "UT"
  revision = "346938d642f2ec3594ed81d874461961cd0faa76"
  version = "v1.1.0"

[[projects]]
  digest = "1:ca82a3b99694824c627573c2a76d0e49719b4a9c02d1d85a2ac91f1c1f52ab9b"
  name = "github.com/fatih/structs"
  packages = ["."]
  pruneopts = "UT"
  revision = "a720dfa8df582c51dee1b36feabb906bde1588bd"
  version = "v1.0"

[[projects]]
  digest = "1:f20d5f6eb58158045fda2df8ede6a43e9d3768009cf9d3b362a33a857e4dc392"
  name = "github.com/hashicorp/consul"
  packages = ["api"]
  pruneopts = "UT"
  revision = "b70e419aeb8a13164b658d3fb316cc9a6eff0d26"

[[projects]]
  digest = "1:07671f8997086ed115824d1974507d2b147d1e0463675ea5dbf3be89b1c2c563"
  name = "github.com/hashicorp/errwrap"
  packages = ["."]
  pruneopts = "UT"
  revision = "7554cd9344cec97297fa6649b055a8c98c2a1e55"

[[projects]]
  digest = "1:ae263e6b149fb7aadfc0f2284a8891cc3b9d2700e58b9a613fecf70fcc6e495d"
  name = "github.com/hashicorp/go-cleanhttp"
  packages = ["."]
  pruneopts = "UT"
  revision = "3573b8b52aa7b37b9358d966a898feb387f62437"

[[projects]]
  digest = "1:70058d557ddb53af1a35dd41b748ae8032901e407c7c60f6ff3638c8145be5fb"
  name = "github.com/hashicorp/go-multierror"
  packages = ["."]
  pruneopts = "UT"
  revision = "ed905158d87462226a13fe39ddf685ea65f1c11f"

[[projects]]
  branch = "master"
  digest = "1:45aad874d3c7d5e8610427c81870fb54970b981692930ec2a319ce4cb89d7a00"
  name = "github.com/hashicorp/go-rootcerts"
  packages = ["."]
  pruneopts = "UT"
  revision = "6bb64b370b90e7ef1fa532be9e591a81c3493e00"

[[projects]]
  digest = "1:0e96e1362f75ba5211cbc3866cc98452c44dda3eae5b450919d82b22b4aed9f1"
  name = "github.com/hashicorp/hcl"
  packages = [
    ".",
    "hcl/ast",
    "hcl/parser",
    "hcl/printer",
    "hcl/scanner",
    "hcl/strconv",
    "hcl/token",
    "json/parser",
    "json/scanner",
    "json/token",
  ]
  pruneopts = "UT"
  revision = "c3e054bfd4dcf77b9965ed2b79b22afa2f41d4eb"

[[projects]]
  digest = "1:c6552ffc71f7586a9ea624c6b2bdab87a47d9bd52889e3baf5fbf200425a85e2"
  name = "github.com/hashicorp/serf"
  packages = ["coordinate"]
  pruneopts = "UT"
  revision = "65c2babe73c7a096cd24e9eeec67613eb4e436c9"

[[projects]]
  digest = "1:8b5c058fa2e4f034369fea63997ceb96ac0d6ce9f876d4c4d15d830d5e802fca"
  name = "github.com/hashicorp/vault"
  packages = [
    "api",
    "helper/compressutil",
    "helper/jsonutil",
    "helper/parseutil",
  ]
  pruneopts = "UT"
  revision = "db86d87c8ee403625d7c732f9a190891bf1abf59"

[[projects]]
  digest = "1:12ae6210bdbdad658a9a67fd95cd9c99f7fdbf12f6d36eaf0af704e69dacf4f5"
  name = "github.com/mitchellh/go-homedir"
  packages = ["."]
  pruneopts = "UT"
  revision = "b8bc1bf767474819792c23f32d8286a45736f1c6"

[[projects]]
  digest = "1:3bf49f179b730bede84bcec58587f33af244353cc7029283c82de81729e75fae"
  name = "github.com/mitchellh/mapstructure"
  packages = ["."]
  pruneopts = "UT"
  revision = "53818660ed4955e899c0bcafa97299a388bd7c8e"

[[projects]]
  digest = "1:0028cb19b2e4c3112225cd871870f2d9cf49b9b4276531f03438a88e94be86fe"
  name = "github.com/pmezard/go-difflib"
  packages = ["difflib"]
  pruneopts = "UT"
  revision = "792786c7400a136282c1664665ae0a8db921c6c2"
  version = "v1.0.0"

[[projects]]
  digest = "1:f6cebf9b81bff54861ca0a3434ff112ec1654cfca0bc72448217f55f6cd844b0"
  name = "github.com/sethgrid/pester"
  packages = ["."]
  pruneopts = "UT"
  revision = "2c5fb962da6113d0968907fd81dba3ca35151d1c"

[[projects]]
  digest = "1:e89ce6ee527e696ff8c545c5ee18d8156ccaaa1b57b6cfb29f7a4ec0ef12dd40"
  name = "github.com/sirupsen/logrus"
  packages = ["."]
  pruneopts = "UT"
  revision = "1deb2db2a6fff8a35532079061b903c3a25eed52"

[[projects]]
  digest = "1:b035220d09c7ba328123bc53d3511b53cf167130fc387450f8d411cd7fce9ebf"
  name = "github.com/stretchr/testify"
  packages = [
    "assert",
    "require",
  ]
  pruneopts = "UT"
  revision = "04af85275a5c7ac09d16bb3b9b2e751ed45154e5"

[[projects]]
  digest = "1:76c9ff405501f79741c0588d221ac7c979af03ae3c90571ecfa44d4d05681700"
  name = "golang.org/x/net"
  packages = [
    "http2",
    "http2/hpack",
    "idna",
    "lex/httplex",
  ]
  pruneopts = "UT"
  revision = "ffcf1bedda3b04ebb15a168a59800a73d6dc0f4d"

[[projects]]
  digest = "1:6399a919dea9316677b743a7f947573af510932ef20ba0bac18eaabee9ccd499"
  name = "golang.org/x/sys"
  packages = ["unix"]
  pruneopts = "UT"
  revision = "99f16d856c9836c42d24e7ab64ea72916925fa97"

[[projects]]
  digest = "1:6d69b21922e0e1ba432d76889151d15077af997bbf500855bc6f3f6b5d2996d7"
  name = "golang.org/x/text"
  packages = [
    "internal/gen",
    "internal/triegen",
    "internal/ucd",
    "secure/bidirule",
    "transform",
    "unicode/bidi",
    "unicode/cldr",
    "unicode/norm",
    "unicode/rangetable",
  ]
  pruneopts = "UT"
  revision = "3aa6d803466d99ea1bdf4af99e6db53299c02bd7"

[[projects]]
  digest = "1:01d3c3dfb7ef9da24cd00cbd5b9e2c147fa7a3f44a83028bc737da9cac7ed60b"
  name = "gopkg.in/urfave/cli.v1"
  packages = ["."]
  pruneopts = "UT"
  revision = "0bdeddeeb0f650497d603c4ad7b20cfe685682f6"
  version = "v1.19.1"

[[projects]]
  digest = "1:35c04c23c8aef680782e117c67e29750453c92d11448da616d2e399887e5fc86"
  name = "gopkg.in/yaml.v2"
  packages = ["."]
  pruneopts = "UT"
  revision = "cd8b52f8269e0feb286dfeef29f8fe4d5b397e0b"

[solve-meta]
  analyzer-name = "dep"
  analyzer-version = 1
  input-imports = [
    "github.com/davecgh/go-spew/spew",
    "github.com/hashicorp/consul/api",
    "github.com/hashicorp/errwrap",
    "github.com/hashicorp/go-multierror",
    "github.com/hashicorp/hcl",
    "github.com/hashicorp/hcl/hcl/ast",
    "github.com/hashicorp/hcl/hcl/printer",
    "github.com/hashicorp/vault/api",
    "github.com/hashicorp/vault/helper/parseutil",
    "github.com/mitchellh/mapstructure",
    "github.com/sirupsen/logrus",
    "github.com/stretchr/testify/require",
    "gopkg.in/urfave/cli.v1",
    "gopkg.in/yaml.v2",
  ]
  solver-name = "gps-cdcl"
  solver-version = 1
